
Microsoft Visual Studio Solution File, Format Version 12.00
# Visual Studio Version 17
VisualStudioVersion = 17.0.31903.59
MinimumVisualStudioVersion = 10.0.40219.1
Project("{FAE04EC0-301F-11D3-BF4B-00C04F79EFBC}") = "Chronos", "Chronos\Chronos.csproj", "{75CF2BAA-23ED-4353-868E-D712D05190E4}"
EndProject
Project("{FAE04EC0-301F-11D3-BF4B-00C04F79EFBC}") = "RandomTest", "RandomTest\RandomTest.csproj", "{37B6FA52-A87F-47C8-95A7-7F263D454499}"
EndProject
Project("{FAE04EC0-301F-11D3-BF4B-00C04F79EFBC}") = "RandDice", "RandDice\RandDice.csproj", "{7D1386D7-6E6A-4E77-8BC0-FAFC12601F47}"
EndProject
Project("{FAE04EC0-301F-11D3-BF4B-00C04F79EFBC}") = "MyGame", "MyGame\MyGame.csproj", "{0EBC98B5-17AE-4F16-9B59-E3203152C3A7}"
EndProject
Global
	GlobalSection(SolutionConfigurationPlatforms) = preSolution
		Debug|Any CPU = Debug|Any CPU
		Release|Any CPU = Release|Any CPU
	EndGlobalSection
	GlobalSection(SolutionProperties) = preSolution
		HideSolutionNode = FALSE
	EndGlobalSection
	GlobalSection(ProjectConfigurationPlatforms) = postSolution
		{75CF2BAA-23ED-4353-868E-D712D05190E4}.Debug|Any CPU.ActiveCfg = Debug|Any CPU
		{75CF2BAA-23ED-4353-868E-D712D05190E4}.Debug|Any CPU.Build.0 = Debug|Any CPU
		{75CF2BAA-23ED-4353-868E-D712D05190E4}.Release|Any CPU.ActiveCfg = Release|Any CPU
		{75CF2BAA-23ED-4353-868E-D712D05190E4}.Release|Any CPU.Build.0 = Release|Any CPU
		{37B6FA52-A87F-47C8-95A7-7F263D454499}.Debug|Any CPU.ActiveCfg = Debug|Any CPU
		{37B6FA52-A87F-47C8-95A7-7F263D454499}.Debug|Any CPU.Build.0 = Debug|Any CPU
		{37B6FA52-A87F-47C8-95A7-7F263D454499}.Release|Any CPU.ActiveCfg = Release|Any CPU
		{37B6FA52-A87F-47C8-95A7-7F263D454499}.Release|Any CPU.Build.0 = Release|Any CPU
		{7D1386D7-6E6A-4E77-8BC0-FAFC12601F47}.Debug|Any CPU.ActiveCfg = Debug|Any CPU
		{7D1386D7-6E6A-4E77-8BC0-FAFC12601F47}.Debug|Any CPU.Build.0 = Debug|Any CPU
		{7D1386D7-6E6A-4E77-8BC0-FAFC12601F47}.Release|Any CPU.ActiveCfg = Release|Any CPU
		{7D1386D7-6E6A-4E77-8BC0-FAFC12601F47}.Release|Any CPU.Build.0 = Release|Any CPU
		{0EBC98B5-17AE-4F16-9B59-E3203152C3A7}.Debug|Any CPU.ActiveCfg = Debug|Any CPU
		{0EBC98B5-17AE-4F16-9B59-E3203152C3A7}.Debug|Any CPU.Build.0 = Debug|Any CPU
		{0EBC98B5-17AE-4F16-9B59-E3203152C3A7}.Release|Any CPU.ActiveCfg = Release|Any CPU
		{0EBC98B5-17AE-4F16-9B59-E3203152C3A7}.Release|Any CPU.Build.0 = Release|Any CPU
	EndGlobalSection
EndGlobal
